
Microsoft Visual Studio Solution File, Format Version 12.00
# Visual Studio Version 17
VisualStudioVersion = 17.3.32922.545
MinimumVisualStudioVersion = 10.0.40219.1
Project("{8BC9CEB8-8B4A-11D0-8D11-00A0C91BC942}") = "3-b7-1", "3-b7-1.vcxproj", "{B49ADE52-D06A-4A60-AE60-40346983BE39}"
EndProject
Global
	GlobalSection(SolutionConfigurationPlatforms) = preSolution
		Debug|x64 = Debug|x64
		Debug|x86 = Debug|x86
		Release|x64 = Release|x64
		Release|x86 = Release|x86
	EndGlobalSection
	GlobalSection(ProjectConfigurationPlatforms) = postSolution
		{B49ADE52-D06A-4A60-AE60-40346983BE39}.Debug|x64.ActiveCfg = Debug|x64
		{B49ADE52-D06A-4A60-AE60-40346983BE39}.Debug|x64.Build.0 = Debug|x64
		{B49ADE52-D06A-4A60-AE60-40346983BE39}.Debug|x86.ActiveCfg = Debug|Win32
		{B49ADE52-D06A-4A60-AE60-40346983BE39}.Debug|x86.Build.0 = Debug|Win32
		{B49ADE52-D06A-4A60-AE60-40346983BE39}.Release|x64.ActiveCfg = Release|x64
		{B49ADE52-D06A-4A60-AE60-40346983BE39}.Release|x64.Build.0 = Release|x64
		{B49ADE52-D06A-4A60-AE60-40346983BE39}.Release|x86.ActiveCfg = Release|Win32
		{B49ADE52-D06A-4A60-AE60-40346983BE39}.Release|x86.Build.0 = Release|Win32
	EndGlobalSection
	GlobalSection(SolutionProperties) = preSolution
		HideSolutionNode = FALSE
	EndGlobalSection
	GlobalSection(ExtensibilityGlobals) = postSolution
		SolutionGuid = {5634B13F-321B-4209-AD4B-45AE033BE2C2}
	EndGlobalSection
EndGlobal
